
Microsoft Visual Studio Solution File, Format Version 12.00
# Visual Studio Version 16
VisualStudioVersion = 16.0.32901.82
MinimumVisualStudioVersion = 10.0.40219.1
Project("{9A19103F-16F7-4668-BE54-9A1E7A4F7556}") = "Api", "src\Presentation\Api.csproj", "{596C8047-578E-4E82-A289-0A9CBE2536B1}"
EndProject
Project("{2150E333-8FDC-42A3-9474-1A3956D46DE8}") = "1 - Presentation", "1 - Presentation", "{F9FA132B-8EB1-4F3C-B434-AF9C1C60D065}"
EndProject
Project("{2150E333-8FDC-42A3-9474-1A3956D46DE8}") = "4 - Infra", "4 - Infra", "{513FD25A-7D72-4D0D-A1E2-64F2FA847316}"
EndProject
Project("{2150E333-8FDC-42A3-9474-1A3956D46DE8}") = "4.1 - DataBase", "4.1 - DataBase", "{A68B122A-111B-4AAA-8249-3B1258D1BAA5}"
EndProject
Project("{2150E333-8FDC-42A3-9474-1A3956D46DE8}") = "2 - Application", "2 - Application", "{62CF010C-3E90-445D-B949-AD22304E6AF4}"
EndProject
Project("{2150E333-8FDC-42A3-9474-1A3956D46DE8}") = "3 - Domain", "3 - Domain", "{9DD202E1-CF30-4274-8707-2E7AF065D042}"
EndProject
Project("{9A19103F-16F7-4668-BE54-9A1E7A4F7556}") = "Application", "src\Application\Application.csproj", "{935E66BA-62A1-485F-B1A3-979E81E689E9}"
EndProject
Project("{9A19103F-16F7-4668-BE54-9A1E7A4F7556}") = "Domain", "src\Domain\Domain.csproj", "{70C5AF10-AC76-4338-981A-88720DA0AD28}"
EndProject
Project("{2150E333-8FDC-42A3-9474-1A3956D46DE8}") = "4.3 - CrossCutting", "4.3 - CrossCutting", "{D1D4C567-2D95-405D-9C4E-E56F9E8631BE}"
EndProject
Project("{2150E333-8FDC-42A3-9474-1A3956D46DE8}") = "4.2 - Data", "4.2 - Data", "{C7095D9F-44E3-44A7-90F4-5EE6E7CF55D2}"
EndProject
Project("{9A19103F-16F7-4668-BE54-9A1E7A4F7556}") = "Infra.Data", "src\Infra\Data\Infra.Data.csproj", "{964822DC-D88D-49D4-9625-048AB485D177}"
EndProject
Project("{2150E333-8FDC-42A3-9474-1A3956D46DE8}") = "4.3.1 - IoC", "4.3.1 - IoC", "{D3CFFEE9-F693-460D-B483-D5B3590C0EC8}"
EndProject
Project("{9A19103F-16F7-4668-BE54-9A1E7A4F7556}") = "Infra.CrossCutting.IoC", "src\Infra\CrossCutting\IoC\Infra.CrossCutting.IoC.csproj", "{E51E4903-C82E-462D-9A58-D1E907BDEE8C}"
EndProject
Project("{2150E333-8FDC-42A3-9474-1A3956D46DE8}") = "4.3.2 - Models", "4.3.2 - Models", "{F03D681A-8A2E-47DB-97A2-9227492B9480}"
EndProject
Project("{9A19103F-16F7-4668-BE54-9A1E7A4F7556}") = "Infra.CrossCutting.Models", "src\Infra\CrossCutting\Models\Infra.CrossCutting.Models.csproj", "{91899172-F99F-4010-8638-E9672CB5AB9C}"
EndProject
Project("{2150E333-8FDC-42A3-9474-1A3956D46DE8}") = "4.4 - External Services", "4.4 - External Services", "{8173407E-D229-4006-B714-1FA6A1FA7C6B}"
EndProject
Project("{2150E333-8FDC-42A3-9474-1A3956D46DE8}") = "5 - Common", "5 - Common", "{40687191-CE00-4D35-A5AD-4D4C4A848147}"
EndProject
Project("{9A19103F-16F7-4668-BE54-9A1E7A4F7556}") = "Common", "src\Common\Common.csproj", "{3045FB26-CA83-4C5D-A5B2-9FBC4AB2BD9E}"
EndProject
Project("{9A19103F-16F7-4668-BE54-9A1E7A4F7556}") = "Infra.ExternalServices.ActiveDirectory", "src\Infra\ExternalServices\ActiveDirectory\Infra.ExternalServices.ActiveDirectory.csproj", "{9F106033-6956-4390-B7E0-10DE70E32394}"
EndProject
Project("{00D1A9C2-B5F0-4AF3-8072-F6C62B433612}") = "DB_GDOCS", "src\Infra\DataBase\DB_GDOCS\DB_GDOCS.sqlproj", "{4071F65F-D22A-4E6D-93ED-2E8151CFD0EC}"
EndProject
Project("{9A19103F-16F7-4668-BE54-9A1E7A4F7556}") = "Infra.ExternalServices.DocTools", "src\Infra\ExternalServices\IceDocTools\Infra.ExternalServices.DocTools.csproj", "{6DCB2B98-2846-422E-A5BB-80E8717A6725}"
EndProject
Project("{9A19103F-16F7-4668-BE54-9A1E7A4F7556}") = "Infra.ExternalServices.ArmazenamentoTemporario", "src\Infra\ExternalServices\ArmazenamentoTemporario\Infra.ExternalServices.ArmazenamentoTemporario.csproj", "{956D8060-2A23-4800-9C32-47A0F5070632}"
EndProject
Project("{9A19103F-16F7-4668-BE54-9A1E7A4F7556}") = "Infra.ExternalServices.RdlToPdfBytesConverter", "src\Infra\ExternalServices\RdlToPdfBytesConverter\Infra.ExternalServices.RdlToPdfBytesConverter.csproj", "{05FB5771-67B2-43C9-BA19-9EB0BC06CD8D}"
EndProject
Project("{9A19103F-16F7-4668-BE54-9A1E7A4F7556}") = "Infra.ExternalServices.GdocsWorker", "src\Infra\ExternalServices\Worker\Infra.ExternalServices.GdocsWorker.csproj", "{D2907517-7C9D-455C-9271-BD1B7C2F9114}"
EndProject
Project("{FAE04EC0-301F-11D3-BF4B-00C04F79EFBC}") = "Infra.ExternalServices.Email", "src\Infra\ExternalServices\Infra.ExternalServices.Email\Infra.ExternalServices.Email.csproj", "{30B281C5-A371-4574-8D95-FB31BEBBF938}"
EndProject
Global
	GlobalSection(SolutionConfigurationPlatforms) = preSolution
		Debug|Any CPU = Debug|Any CPU
		Release|Any CPU = Release|Any CPU
	EndGlobalSection
	GlobalSection(ProjectConfigurationPlatforms) = postSolution
		{596C8047-578E-4E82-A289-0A9CBE2536B1}.Debug|Any CPU.ActiveCfg = Debug|Any CPU
		{596C8047-578E-4E82-A289-0A9CBE2536B1}.Debug|Any CPU.Build.0 = Debug|Any CPU
		{596C8047-578E-4E82-A289-0A9CBE2536B1}.Release|Any CPU.ActiveCfg = Release|Any CPU
		{596C8047-578E-4E82-A289-0A9CBE2536B1}.Release|Any CPU.Build.0 = Release|Any CPU
		{935E66BA-62A1-485F-B1A3-979E81E689E9}.Debug|Any CPU.ActiveCfg = Debug|Any CPU
		{935E66BA-62A1-485F-B1A3-979E81E689E9}.Debug|Any CPU.Build.0 = Debug|Any CPU
		{935E66BA-62A1-485F-B1A3-979E81E689E9}.Release|Any CPU.ActiveCfg = Release|Any CPU
		{935E66BA-62A1-485F-B1A3-979E81E689E9}.Release|Any CPU.Build.0 = Release|Any CPU
		{70C5AF10-AC76-4338-981A-88720DA0AD28}.Debug|Any CPU.ActiveCfg = Debug|Any CPU
		{70C5AF10-AC76-4338-981A-88720DA0AD28}.Debug|Any CPU.Build.0 = Debug|Any CPU
		{70C5AF10-AC76-4338-981A-88720DA0AD28}.Release|Any CPU.ActiveCfg = Release|Any CPU
		{70C5AF10-AC76-4338-981A-88720DA0AD28}.Release|Any CPU.Build.0 = Release|Any CPU
		{964822DC-D88D-49D4-9625-048AB485D177}.Debug|Any CPU.ActiveCfg = Debug|Any CPU
		{964822DC-D88D-49D4-9625-048AB485D177}.Debug|Any CPU.Build.0 = Debug|Any CPU
		{964822DC-D88D-49D4-9625-048AB485D177}.Release|Any CPU.ActiveCfg = Release|Any CPU
		{964822DC-D88D-49D4-9625-048AB485D177}.Release|Any CPU.Build.0 = Release|Any CPU
		{E51E4903-C82E-462D-9A58-D1E907BDEE8C}.Debug|Any CPU.ActiveCfg = Debug|Any CPU
		{E51E4903-C82E-462D-9A58-D1E907BDEE8C}.Debug|Any CPU.Build.0 = Debug|Any CPU
		{E51E4903-C82E-462D-9A58-D1E907BDEE8C}.Release|Any CPU.ActiveCfg = Release|Any CPU
		{E51E4903-C82E-462D-9A58-D1E907BDEE8C}.Release|Any CPU.Build.0 = Release|Any CPU
		{91899172-F99F-4010-8638-E9672CB5AB9C}.Debug|Any CPU.ActiveCfg = Debug|Any CPU
		{91899172-F99F-4010-8638-E9672CB5AB9C}.Debug|Any CPU.Build.0 = Debug|Any CPU
		{91899172-F99F-4010-8638-E9672CB5AB9C}.Release|Any CPU.ActiveCfg = Release|Any CPU
		{91899172-F99F-4010-8638-E9672CB5AB9C}.Release|Any CPU.Build.0 = Release|Any CPU
		{3045FB26-CA83-4C5D-A5B2-9FBC4AB2BD9E}.Debug|Any CPU.ActiveCfg = Debug|Any CPU
		{3045FB26-CA83-4C5D-A5B2-9FBC4AB2BD9E}.Debug|Any CPU.Build.0 = Debug|Any CPU
		{3045FB26-CA83-4C5D-A5B2-9FBC4AB2BD9E}.Release|Any CPU.ActiveCfg = Release|Any CPU
		{3045FB26-CA83-4C5D-A5B2-9FBC4AB2BD9E}.Release|Any CPU.Build.0 = Release|Any CPU
		{9F106033-6956-4390-B7E0-10DE70E32394}.Debug|Any CPU.ActiveCfg = Debug|Any CPU
		{9F106033-6956-4390-B7E0-10DE70E32394}.Debug|Any CPU.Build.0 = Debug|Any CPU
		{9F106033-6956-4390-B7E0-10DE70E32394}.Release|Any CPU.ActiveCfg = Release|Any CPU
		{9F106033-6956-4390-B7E0-10DE70E32394}.Release|Any CPU.Build.0 = Release|Any CPU
		{4071F65F-D22A-4E6D-93ED-2E8151CFD0EC}.Debug|Any CPU.ActiveCfg = Debug|Any CPU
		{4071F65F-D22A-4E6D-93ED-2E8151CFD0EC}.Debug|Any CPU.Build.0 = Debug|Any CPU
		{4071F65F-D22A-4E6D-93ED-2E8151CFD0EC}.Debug|Any CPU.Deploy.0 = Debug|Any CPU
		{4071F65F-D22A-4E6D-93ED-2E8151CFD0EC}.Release|Any CPU.ActiveCfg = Release|Any CPU
		{4071F65F-D22A-4E6D-93ED-2E8151CFD0EC}.Release|Any CPU.Build.0 = Release|Any CPU
		{4071F65F-D22A-4E6D-93ED-2E8151CFD0EC}.Release|Any CPU.Deploy.0 = Release|Any CPU
		{6DCB2B98-2846-422E-A5BB-80E8717A6725}.Debug|Any CPU.ActiveCfg = Debug|Any CPU
		{6DCB2B98-2846-422E-A5BB-80E8717A6725}.Debug|Any CPU.Build.0 = Debug|Any CPU
		{6DCB2B98-2846-422E-A5BB-80E8717A6725}.Release|Any CPU.ActiveCfg = Release|Any CPU
		{6DCB2B98-2846-422E-A5BB-80E8717A6725}.Release|Any CPU.Build.0 = Release|Any CPU
		{956D8060-2A23-4800-9C32-47A0F5070632}.Debug|Any CPU.ActiveCfg = Debug|Any CPU
		{956D8060-2A23-4800-9C32-47A0F5070632}.Debug|Any CPU.Build.0 = Debug|Any CPU
		{956D8060-2A23-4800-9C32-47A0F5070632}.Release|Any CPU.ActiveCfg = Release|Any CPU
		{956D8060-2A23-4800-9C32-47A0F5070632}.Release|Any CPU.Build.0 = Release|Any CPU
		{05FB5771-67B2-43C9-BA19-9EB0BC06CD8D}.Debug|Any CPU.ActiveCfg = Debug|Any CPU
		{05FB5771-67B2-43C9-BA19-9EB0BC06CD8D}.Debug|Any CPU.Build.0 = Debug|Any CPU
		{05FB5771-67B2-43C9-BA19-9EB0BC06CD8D}.Release|Any CPU.ActiveCfg = Release|Any CPU
		{05FB5771-67B2-43C9-BA19-9EB0BC06CD8D}.Release|Any CPU.Build.0 = Release|Any CPU
		{D2907517-7C9D-455C-9271-BD1B7C2F9114}.Debug|Any CPU.ActiveCfg = Debug|Any CPU
		{D2907517-7C9D-455C-9271-BD1B7C2F9114}.Debug|Any CPU.Build.0 = Debug|Any CPU
		{D2907517-7C9D-455C-9271-BD1B7C2F9114}.Release|Any CPU.ActiveCfg = Release|Any CPU
		{D2907517-7C9D-455C-9271-BD1B7C2F9114}.Release|Any CPU.Build.0 = Release|Any CPU
		{30B281C5-A371-4574-8D95-FB31BEBBF938}.Debug|Any CPU.ActiveCfg = Debug|Any CPU
		{30B281C5-A371-4574-8D95-FB31BEBBF938}.Debug|Any CPU.Build.0 = Debug|Any CPU
		{30B281C5-A371-4574-8D95-FB31BEBBF938}.Release|Any CPU.ActiveCfg = Release|Any CPU
		{30B281C5-A371-4574-8D95-FB31BEBBF938}.Release|Any CPU.Build.0 = Release|Any CPU
	EndGlobalSection
	GlobalSection(SolutionProperties) = preSolution
		HideSolutionNode = FALSE
	EndGlobalSection
	GlobalSection(NestedProjects) = preSolution
		{596C8047-578E-4E82-A289-0A9CBE2536B1} = {F9FA132B-8EB1-4F3C-B434-AF9C1C60D065}
		{A68B122A-111B-4AAA-8249-3B1258D1BAA5} = {513FD25A-7D72-4D0D-A1E2-64F2FA847316}
		{935E66BA-62A1-485F-B1A3-979E81E689E9} = {62CF010C-3E90-445D-B949-AD22304E6AF4}
		{70C5AF10-AC76-4338-981A-88720DA0AD28} = {9DD202E1-CF30-4274-8707-2E7AF065D042}
		{D1D4C567-2D95-405D-9C4E-E56F9E8631BE} = {513FD25A-7D72-4D0D-A1E2-64F2FA847316}
		{C7095D9F-44E3-44A7-90F4-5EE6E7CF55D2} = {513FD25A-7D72-4D0D-A1E2-64F2FA847316}
		{964822DC-D88D-49D4-9625-048AB485D177} = {C7095D9F-44E3-44A7-90F4-5EE6E7CF55D2}
		{D3CFFEE9-F693-460D-B483-D5B3590C0EC8} = {D1D4C567-2D95-405D-9C4E-E56F9E8631BE}
		{E51E4903-C82E-462D-9A58-D1E907BDEE8C} = {D3CFFEE9-F693-460D-B483-D5B3590C0EC8}
		{F03D681A-8A2E-47DB-97A2-9227492B9480} = {D1D4C567-2D95-405D-9C4E-E56F9E8631BE}
		{91899172-F99F-4010-8638-E9672CB5AB9C} = {F03D681A-8A2E-47DB-97A2-9227492B9480}
		{8173407E-D229-4006-B714-1FA6A1FA7C6B} = {513FD25A-7D72-4D0D-A1E2-64F2FA847316}
		{3045FB26-CA83-4C5D-A5B2-9FBC4AB2BD9E} = {40687191-CE00-4D35-A5AD-4D4C4A848147}
		{9F106033-6956-4390-B7E0-10DE70E32394} = {8173407E-D229-4006-B714-1FA6A1FA7C6B}
		{4071F65F-D22A-4E6D-93ED-2E8151CFD0EC} = {A68B122A-111B-4AAA-8249-3B1258D1BAA5}
		{6DCB2B98-2846-422E-A5BB-80E8717A6725} = {8173407E-D229-4006-B714-1FA6A1FA7C6B}
		{956D8060-2A23-4800-9C32-47A0F5070632} = {8173407E-D229-4006-B714-1FA6A1FA7C6B}
		{05FB5771-67B2-43C9-BA19-9EB0BC06CD8D} = {8173407E-D229-4006-B714-1FA6A1FA7C6B}
		{D2907517-7C9D-455C-9271-BD1B7C2F9114} = {8173407E-D229-4006-B714-1FA6A1FA7C6B}
		{30B281C5-A371-4574-8D95-FB31BEBBF938} = {8173407E-D229-4006-B714-1FA6A1FA7C6B}
	EndGlobalSection
	GlobalSection(ExtensibilityGlobals) = postSolution
		SolutionGuid = {5971BB38-1F77-42A6-822F-07E1F95CBD1F}
	EndGlobalSection
EndGlobal
