{
  "requires": true,
  "lockfileVersion": 1,
  "dependencies": {
    "edge": {
      "version": "7.10.1",
      "resolved": "https://registry.npmjs.org/edge/-/edge-7.10.1.tgz",
      "integrity": "sha1-aDhurBAvOXJNJzzBmuowCR4rSuQ=",
      "requires": {
        "edge-cs": "1.2.1",
        "nan": "^2.0.9"
      }
    },
    "edge-cs": {
      "version": "1.2.1",
      "resolved": "https://registry.npmjs.org/edge-cs/-/edge-cs-1.2.1.tgz",
      "integrity": "sha1-vRqezblO8O1AyJRYIEZ0nlcEXlo="
    },
    "elementtree": {
      "version": "0.1.6",
      "resolved": "https://registry.npmjs.org/elementtree/-/elementtree-0.1.6.tgz",
      "integrity": "sha1-KsTEbqMFFsjEy9teOsdBjlkt4gw=",
      "requires": {
        "sax": "0.3.5"
      }
    },
    "jszip": {
      "version": "2.6.1",
      "resolved": "https://registry.npmjs.org/jszip/-/jszip-2.6.1.tgz",
      "integrity": "sha1-uI86ey5noqBIFSmCx6N1bZxIKPA=",
      "requires": {
        "pako": "~1.0.2"
      }
    },
    "nan": {
      "version": "2.14.2",
      "resolved": "https://registry.npmjs.org/nan/-/nan-2.14.2.tgz",
      "integrity": "sha512-M2ufzIiINKCuDfBSAUr1vWQ+vuVcA9kqx8JJUsbQi6yf1uGRyb7HfpdfUr5qLXf3B/t8dPvcjhKMmlfnP47EzQ=="
    },
    "node-msoffice-pdf": {
      "version": "0.0.7",
      "resolved": "https://registry.npmjs.org/node-msoffice-pdf/-/node-msoffice-pdf-0.0.7.tgz",
      "integrity": "sha1-zDDiMBENf9M37VdLC4yzKKfDKxE=",
      "requires": {
        "edge": "*"
      }
    },
    "pako": {
      "version": "1.0.11",
      "resolved": "https://registry.npmjs.org/pako/-/pako-1.0.11.tgz",
      "integrity": "sha512-4hLB8Py4zZce5s4yd9XzopqwVv/yGNhV1Bl8NTmCq1763HeK2+EwVTv+leGeL13Dnh2wfbqowVPXCIO0z4taYw=="
    },
    "sax": {
      "version": "0.3.5",
      "resolved": "https://registry.npmjs.org/sax/-/sax-0.3.5.tgz",
      "integrity": "sha1-iPz8H3PAyLvVt8d2ttPzUB7tBz0="
    },
    "xlsx-template": {
      "version": "1.3.0",
      "resolved": "https://registry.npmjs.org/xlsx-template/-/xlsx-template-1.3.0.tgz",
      "integrity": "sha512-oYxv6oGqYiJRvOM0dgF1JZ1w4s1BjpZjk9Vc+YG8NsRqHw9p8NhbV4nqftOBtu8FZpdsaPgv0ZK7yONNsi2AtA==",
      "requires": {
        "elementtree": "0.1.6",
        "jszip": "^2.6.1"
      }
    }
  }
}
